
Microsoft Visual Studio Solution File, Format Version 12.00
# Visual Studio Version 17
VisualStudioVersion = 17.5.33627.172
MinimumVisualStudioVersion = 10.0.40219.1
Project("{FAE04EC0-301F-11D3-BF4B-00C04F79EFBC}") = "HRM", "HRM\HRM.csproj", "{411C21D2-6046-4F95-B6D3-C61F369D663A}"
EndProject
Project("{FAE04EC0-301F-11D3-BF4B-00C04F79EFBC}") = "Analitik", "Analitik\Analitik.csproj", "{B4347A39-F7B4-4127-B826-FE64E623E599}"
EndProject
Global
	GlobalSection(SolutionConfigurationPlatforms) = preSolution
		Debug|Any CPU = Debug|Any CPU
		Release|Any CPU = Release|Any CPU
	EndGlobalSection
	GlobalSection(ProjectConfigurationPlatforms) = postSolution
		{411C21D2-6046-4F95-B6D3-C61F369D663A}.Debug|Any CPU.ActiveCfg = Debug|Any CPU
		{411C21D2-6046-4F95-B6D3-C61F369D663A}.Debug|Any CPU.Build.0 = Debug|Any CPU
		{411C21D2-6046-4F95-B6D3-C61F369D663A}.Release|Any CPU.ActiveCfg = Release|Any CPU
		{411C21D2-6046-4F95-B6D3-C61F369D663A}.Release|Any CPU.Build.0 = Release|Any CPU
		{B4347A39-F7B4-4127-B826-FE64E623E599}.Debug|Any CPU.ActiveCfg = Debug|Any CPU
		{B4347A39-F7B4-4127-B826-FE64E623E599}.Debug|Any CPU.Build.0 = Debug|Any CPU
		{B4347A39-F7B4-4127-B826-FE64E623E599}.Release|Any CPU.ActiveCfg = Release|Any CPU
		{B4347A39-F7B4-4127-B826-FE64E623E599}.Release|Any CPU.Build.0 = Release|Any CPU
	EndGlobalSection
	GlobalSection(SolutionProperties) = preSolution
		HideSolutionNode = FALSE
	EndGlobalSection
	GlobalSection(ExtensibilityGlobals) = postSolution
		SolutionGuid = {8B73490E-EC62-4F63-8151-C4F10D4042B1}
	EndGlobalSection
EndGlobal
